
Microsoft Visual Studio Solution File, Format Version 12.00
# Visual Studio Version 17
VisualStudioVersion = 17.9.34728.123
MinimumVisualStudioVersion = 10.0.40219.1
Project("{FAE04EC0-301F-11D3-BF4B-00C04F79EFBC}") = "project", "project\project.csproj", "{AF4E80E6-8D1C-4A0B-B807-6F3A2B415F95}"
EndProject
Global
	GlobalSection(SolutionConfigurationPlatforms) = preSolution
		Debug|Any CPU = Debug|Any CPU
		Release|Any CPU = Release|Any CPU
	EndGlobalSection
	GlobalSection(ProjectConfigurationPlatforms) = postSolution
		{AF4E80E6-8D1C-4A0B-B807-6F3A2B415F95}.Debug|Any CPU.ActiveCfg = Debug|Any CPU
		{AF4E80E6-8D1C-4A0B-B807-6F3A2B415F95}.Debug|Any CPU.Build.0 = Debug|Any CPU
		{AF4E80E6-8D1C-4A0B-B807-6F3A2B415F95}.Release|Any CPU.ActiveCfg = Release|Any CPU
		{AF4E80E6-8D1C-4A0B-B807-6F3A2B415F95}.Release|Any CPU.Build.0 = Release|Any CPU
	EndGlobalSection
	GlobalSection(SolutionProperties) = preSolution
		HideSolutionNode = FALSE
	EndGlobalSection
	GlobalSection(ExtensibilityGlobals) = postSolution
		SolutionGuid = {FEE49DEA-91BA-4D17-8C5E-FA9236176BCC}
	EndGlobalSection
EndGlobal
